
Microsoft Visual Studio Solution File, Format Version 12.00
# Visual Studio Version 17
VisualStudioVersion = 17.11.35208.52
MinimumVisualStudioVersion = 10.0.40219.1
Project("{FAE04EC0-301F-11D3-BF4B-00C04F79EFBC}") = "hashset", "hashset\hashset.csproj", "{91A5ABCE-50A1-4629-A06A-B2A91699075B}"
EndProject
Global
	GlobalSection(SolutionConfigurationPlatforms) = preSolution
		Debug|Any CPU = Debug|Any CPU
		Release|Any CPU = Release|Any CPU
	EndGlobalSection
	GlobalSection(ProjectConfigurationPlatforms) = postSolution
		{91A5ABCE-50A1-4629-A06A-B2A91699075B}.Debug|Any CPU.ActiveCfg = Debug|Any CPU
		{91A5ABCE-50A1-4629-A06A-B2A91699075B}.Debug|Any CPU.Build.0 = Debug|Any CPU
		{91A5ABCE-50A1-4629-A06A-B2A91699075B}.Release|Any CPU.ActiveCfg = Release|Any CPU
		{91A5ABCE-50A1-4629-A06A-B2A91699075B}.Release|Any CPU.Build.0 = Release|Any CPU
	EndGlobalSection
	GlobalSection(SolutionProperties) = preSolution
		HideSolutionNode = FALSE
	EndGlobalSection
	GlobalSection(ExtensibilityGlobals) = postSolution
		SolutionGuid = {7D515A12-09CA-4D13-B77F-18AB70F4639F}
	EndGlobalSection
EndGlobal
