
Microsoft Visual Studio Solution File, Format Version 12.00
# Visual Studio Version 17
VisualStudioVersion = 17.11.35208.52
MinimumVisualStudioVersion = 10.0.40219.1
Project("{FAE04EC0-301F-11D3-BF4B-00C04F79EFBC}") = "arraymethods2wd", "arraymethods2wd\arraymethods2wd.csproj", "{7C9F849C-4084-469A-B061-F40B09A8CB52}"
EndProject
Global
	GlobalSection(SolutionConfigurationPlatforms) = preSolution
		Debug|Any CPU = Debug|Any CPU
		Release|Any CPU = Release|Any CPU
	EndGlobalSection
	GlobalSection(ProjectConfigurationPlatforms) = postSolution
		{7C9F849C-4084-469A-B061-F40B09A8CB52}.Debug|Any CPU.ActiveCfg = Debug|Any CPU
		{7C9F849C-4084-469A-B061-F40B09A8CB52}.Debug|Any CPU.Build.0 = Debug|Any CPU
		{7C9F849C-4084-469A-B061-F40B09A8CB52}.Release|Any CPU.ActiveCfg = Release|Any CPU
		{7C9F849C-4084-469A-B061-F40B09A8CB52}.Release|Any CPU.Build.0 = Release|Any CPU
	EndGlobalSection
	GlobalSection(SolutionProperties) = preSolution
		HideSolutionNode = FALSE
	EndGlobalSection
	GlobalSection(ExtensibilityGlobals) = postSolution
		SolutionGuid = {7C6B5246-8774-4B3A-B71A-EAB3D2038AE8}
	EndGlobalSection
EndGlobal
